
Microsoft Visual Studio Solution File, Format Version 12.00
# Visual Studio Version 17
VisualStudioVersion = 17.5.33530.505
MinimumVisualStudioVersion = 10.0.40219.1
Project("{8BC9CEB8-8B4A-11D0-8D11-00A0C91BC942}") = "HistoryKpvl", "HistoryKpvl.vcxproj", "{586EEC6A-D77A-43B8-86AD-403B4753E502}"
EndProject
Project("{2150E333-8FDC-42A3-9474-1A3956D46DE8}") = "OPC UA", "OPC UA", "{94229DDA-7A88-411B-B4D5-9A22650DD571}"
EndProject
Project("{8BC9CEB8-8B4A-11D0-8D11-00A0C91BC942}") = "opcuaprotocol", "..\OPCUA\opcuaprotocol.vcxproj", "{393DD23B-B1DA-42C0-8D81-426E7F4EA1FC}"
EndProject
Project("{8BC9CEB8-8B4A-11D0-8D11-00A0C91BC942}") = "opcuacore", "..\OPCUA\opcuacore.vcxproj", "{EF98FE96-97A7-4B23-B71E-45F8319469CC}"
EndProject
Project("{8BC9CEB8-8B4A-11D0-8D11-00A0C91BC942}") = "opcuaclient", "..\OPCUA\opcuaclient.vcxproj", "{8DB9B813-45CA-4181-BC56-FA9AFD64D9F4}"
EndProject
Project("{2150E333-8FDC-42A3-9474-1A3956D46DE8}") = "Haru", "Haru", "{AC9F23AE-DE0B-4DA0-854F-701C9BF72967}"
EndProject
Project("{8BC9CEB8-8B4A-11D0-8D11-00A0C91BC942}") = "Hapu", "..\Hapu\Hapu.vcxproj", "{F13DC27F-8526-418D-830A-FC9EAFE3C3E6}"
EndProject
Global
	GlobalSection(SolutionConfigurationPlatforms) = preSolution
		Debug|x64 = Debug|x64
		Release|x64 = Release|x64
	EndGlobalSection
	GlobalSection(ProjectConfigurationPlatforms) = postSolution
		{586EEC6A-D77A-43B8-86AD-403B4753E502}.Debug|x64.ActiveCfg = Debug|x64
		{586EEC6A-D77A-43B8-86AD-403B4753E502}.Debug|x64.Build.0 = Debug|x64
		{586EEC6A-D77A-43B8-86AD-403B4753E502}.Release|x64.ActiveCfg = Release|x64
		{586EEC6A-D77A-43B8-86AD-403B4753E502}.Release|x64.Build.0 = Release|x64
		{393DD23B-B1DA-42C0-8D81-426E7F4EA1FC}.Debug|x64.ActiveCfg = Debug|x64
		{393DD23B-B1DA-42C0-8D81-426E7F4EA1FC}.Debug|x64.Build.0 = Debug|x64
		{393DD23B-B1DA-42C0-8D81-426E7F4EA1FC}.Release|x64.ActiveCfg = Release|x64
		{393DD23B-B1DA-42C0-8D81-426E7F4EA1FC}.Release|x64.Build.0 = Release|x64
		{EF98FE96-97A7-4B23-B71E-45F8319469CC}.Debug|x64.ActiveCfg = Debug|x64
		{EF98FE96-97A7-4B23-B71E-45F8319469CC}.Debug|x64.Build.0 = Debug|x64
		{EF98FE96-97A7-4B23-B71E-45F8319469CC}.Release|x64.ActiveCfg = Release|x64
		{EF98FE96-97A7-4B23-B71E-45F8319469CC}.Release|x64.Build.0 = Release|x64
		{8DB9B813-45CA-4181-BC56-FA9AFD64D9F4}.Debug|x64.ActiveCfg = Debug|x64
		{8DB9B813-45CA-4181-BC56-FA9AFD64D9F4}.Debug|x64.Build.0 = Debug|x64
		{8DB9B813-45CA-4181-BC56-FA9AFD64D9F4}.Release|x64.ActiveCfg = Release|x64
		{8DB9B813-45CA-4181-BC56-FA9AFD64D9F4}.Release|x64.Build.0 = Release|x64
		{F13DC27F-8526-418D-830A-FC9EAFE3C3E6}.Debug|x64.ActiveCfg = Debug|x64
		{F13DC27F-8526-418D-830A-FC9EAFE3C3E6}.Debug|x64.Build.0 = Debug|x64
		{F13DC27F-8526-418D-830A-FC9EAFE3C3E6}.Release|x64.ActiveCfg = Release|x64
		{F13DC27F-8526-418D-830A-FC9EAFE3C3E6}.Release|x64.Build.0 = Release|x64
	EndGlobalSection
	GlobalSection(SolutionProperties) = preSolution
		HideSolutionNode = FALSE
	EndGlobalSection
	GlobalSection(NestedProjects) = preSolution
		{393DD23B-B1DA-42C0-8D81-426E7F4EA1FC} = {94229DDA-7A88-411B-B4D5-9A22650DD571}
		{EF98FE96-97A7-4B23-B71E-45F8319469CC} = {94229DDA-7A88-411B-B4D5-9A22650DD571}
		{8DB9B813-45CA-4181-BC56-FA9AFD64D9F4} = {94229DDA-7A88-411B-B4D5-9A22650DD571}
		{F13DC27F-8526-418D-830A-FC9EAFE3C3E6} = {AC9F23AE-DE0B-4DA0-854F-701C9BF72967}
	EndGlobalSection
	GlobalSection(ExtensibilityGlobals) = postSolution
		SolutionGuid = {A93A574C-2488-4C0F-9BE4-507F8828C62B}
	EndGlobalSection
EndGlobal
